
Microsoft Visual Studio Solution File, Format Version 12.00
# Visual Studio Version 16
VisualStudioVersion = 16.0.810.6
MinimumVisualStudioVersion = 10.0.40219.1
Project("{FAE04EC0-301F-11D3-BF4B-00C04F79EFBC}") = "ApiPractice", "ApiPractice.csproj", "{2880B0EA-F009-4EC3-BCCF-D6CD18F17FFE}"
EndProject
Global
	GlobalSection(SolutionConfigurationPlatforms) = preSolution
		Debug|Any CPU = Debug|Any CPU
		Release|Any CPU = Release|Any CPU
	EndGlobalSection
	GlobalSection(ProjectConfigurationPlatforms) = postSolution
		{2880B0EA-F009-4EC3-BCCF-D6CD18F17FFE}.Debug|Any CPU.ActiveCfg = Debug|Any CPU
		{2880B0EA-F009-4EC3-BCCF-D6CD18F17FFE}.Debug|Any CPU.Build.0 = Debug|Any CPU
		{2880B0EA-F009-4EC3-BCCF-D6CD18F17FFE}.Release|Any CPU.ActiveCfg = Release|Any CPU
		{2880B0EA-F009-4EC3-BCCF-D6CD18F17FFE}.Release|Any CPU.Build.0 = Release|Any CPU
	EndGlobalSection
	GlobalSection(SolutionProperties) = preSolution
		HideSolutionNode = FALSE
	EndGlobalSection
	GlobalSection(ExtensibilityGlobals) = postSolution
		SolutionGuid = {A3F83705-7BE5-4528-B035-D9B2B804BDBD}
	EndGlobalSection
EndGlobal
